
Microsoft Visual Studio Solution File, Format Version 12.00
# Visual Studio Version 16
VisualStudioVersion = 16.0.30320.27
MinimumVisualStudioVersion = 10.0.40219.1
Project("{FAE04EC0-301F-11D3-BF4B-00C04F79EFBC}") = "ConsoleTestApp", "ConsoleTestApp\ConsoleTestApp.csproj", "{4854E479-A169-4118-9E9F-F42D59F2B49F}"
EndProject
Project("{FAE04EC0-301F-11D3-BF4B-00C04F79EFBC}") = "ZeitRechnen", "ZeitRechnen\ZeitRechnen.csproj", "{221C8DE2-4201-4871-90B7-4F9EE8C613F0}"
EndProject
Project("{FAE04EC0-301F-11D3-BF4B-00C04F79EFBC}") = "WpfNestedGridApp", "WpfNestedGridApp\WpfNestedGridApp.csproj", "{4F1B88CD-E82F-4590-9DB7-CFC93883A391}"
EndProject
Project("{FAE04EC0-301F-11D3-BF4B-00C04F79EFBC}") = "schnittstelle.mysql.library", "schnittstelle.mysql.library\schnittstelle.mysql.library.csproj", "{5F243F89-0ACF-4FAE-8F0F-9BB38FB5223A}"
EndProject
Project("{FAE04EC0-301F-11D3-BF4B-00C04F79EFBC}") = "ConsoleConnectionTest", "ConsoleConnectionTest\ConsoleConnectionTest.csproj", "{18A40301-610F-4AE2-9EF1-0ECBE45410DB}"
EndProject
Project("{FAE04EC0-301F-11D3-BF4B-00C04F79EFBC}") = "schnittstelle.http.rest.services", "schnittstelle.http.rest.services\schnittstelle.http.rest.services.csproj", "{68F1A5CE-06AF-4AA1-B2F1-4AA9FA5DF52A}"
EndProject
Project("{FAE04EC0-301F-11D3-BF4B-00C04F79EFBC}") = "ConsoleTestApp2", "ConsoleTestApp2\ConsoleTestApp2.csproj", "{D7BA6356-8B05-4961-9C90-E1A034A0A1EF}"
EndProject
Project("{FAE04EC0-301F-11D3-BF4B-00C04F79EFBC}") = "Abi.MySql.LibraryDatabase.Entities", "Abi.MySql.LibraryDatabase.Entities\Abi.MySql.LibraryDatabase.Entities.csproj", "{DAEDC472-445B-44CF-9479-E79A28BE41C7}"
EndProject
Project("{FAE04EC0-301F-11D3-BF4B-00C04F79EFBC}") = "WpfOrderBooksProject", "WpfOrderBooksProject\WpfOrderBooksProject.csproj", "{7F52A587-BAAB-4EEA-9111-7D6775E895A6}"
EndProject
Project("{FAE04EC0-301F-11D3-BF4B-00C04F79EFBC}") = "schnittstelle.mysql.db.baeumer.services", "schnittstelle.mysql.db.baeumer.services\schnittstelle.mysql.db.baeumer.services.csproj", "{3413BAA2-32FB-4BD0-A22C-4BABBBBD64A0}"
EndProject
Project("{FAE04EC0-301F-11D3-BF4B-00C04F79EFBC}") = "WPF Basics Sample Application", "..\..\Udemy_Courses\Wpf\Learning Wpf arvatech\Working Files\08\WPF Basics Sample Application\WPF Basics Sample Application\WPF Basics Sample Application.csproj", "{E4757884-195A-4399-92F1-A9638BDE45DF}"
EndProject
Project("{FAE04EC0-301F-11D3-BF4B-00C04F79EFBC}") = "Wpf Bettina Bauemer Application", "Wpf Bettina Bauemer Application\Wpf Bettina Bauemer Application.csproj", "{2669B4B3-5197-41CC-8C1C-7C797547EEBA}"
EndProject
Project("{FAE04EC0-301F-11D3-BF4B-00C04F79EFBC}") = "schnittstelle.http.service.currency", "schnittstelle.http.service.currency\schnittstelle.http.service.currency.csproj", "{3FD2255B-D9AF-46B7-A525-C83B7AC2BFAC}"
EndProject
Project("{FAE04EC0-301F-11D3-BF4B-00C04F79EFBC}") = "WpfForexRates", "WpfForexRates\WpfForexRates.csproj", "{01777732-8CD5-43FD-9FEE-0200E4D6E56A}"
EndProject
Project("{2150E333-8FDC-42A3-9474-1A3956D46DE8}") = "WebService", "WebService", "{AB190EE2-3633-41C1-91F3-84F077B4B56F}"
EndProject
Project("{2150E333-8FDC-42A3-9474-1A3956D46DE8}") = "MySql", "MySql", "{AAB13DF5-9F7D-43DF-AD6F-090478806391}"
EndProject
Project("{2150E333-8FDC-42A3-9474-1A3956D46DE8}") = "Other", "Other", "{74BAABB2-17EF-4290-9C89-470C4E178746}"
EndProject
Project("{2150E333-8FDC-42A3-9474-1A3956D46DE8}") = "Test", "Test", "{2691E25A-E1D3-4191-BD4F-AB8283EDE339}"
EndProject
Project("{FAE04EC0-301F-11D3-BF4B-00C04F79EFBC}") = "Wpf.Test", "Wpf.Test\Wpf.Test.csproj", "{DC9EC741-E783-48D8-A75D-07D88E9C2AEC}"
EndProject
Project("{FAE04EC0-301F-11D3-BF4B-00C04F79EFBC}") = "WpfBooksLiteDb", "WpfBooksLiteDb\WpfBooksLiteDb.csproj", "{3A8309BA-623B-4C29-B650-28038AFA803F}"
EndProject
Project("{FAE04EC0-301F-11D3-BF4B-00C04F79EFBC}") = "ConsoleTest", "ConsoleTest\ConsoleTest.csproj", "{E5F0403C-7CC9-458B-9B19-EE857E6E9C0C}"
EndProject
Project("{FAE04EC0-301F-11D3-BF4B-00C04F79EFBC}") = "CustomerManagement", "CustomerManagement\CustomerManagement.csproj", "{92F309D7-51DB-4201-94F3-5319B770A535}"
EndProject
Project("{FAE04EC0-301F-11D3-BF4B-00C04F79EFBC}") = "DCOM.WPF.MVVM", "DCOM.WPF.MVVM\DCOM.WPF.MVVM.csproj", "{9EDF21A2-4F2D-4A7C-878F-4695037468B4}"
EndProject
Project("{FAE04EC0-301F-11D3-BF4B-00C04F79EFBC}") = "DCOM.WPF.MVVM.IDialogService", "DCOM.WPF.MVVM.IDialogService\DCOM.WPF.MVVM.IDialogService.csproj", "{CF240D05-827C-4F2E-9929-67DB92EE47BB}"
EndProject
Project("{FAE04EC0-301F-11D3-BF4B-00C04F79EFBC}") = "ConsoleSocketServer", "ConsoleSocketServer\ConsoleSocketServer.csproj", "{504B6268-C762-4834-8D39-4B403A5298C8}"
EndProject
Project("{FAE04EC0-301F-11D3-BF4B-00C04F79EFBC}") = "MySales", "My.Country.Sales\MySales.csproj", "{E18AA9D6-E10C-4CB0-9D71-A995C277373E}"
EndProject
Project("{2150E333-8FDC-42A3-9474-1A3956D46DE8}") = "Solution Items", "Solution Items", "{3AF4AD63-047F-4F98-8050-F261C632443C}"
	ProjectSection(SolutionItems) = preProject
		.editorconfig = .editorconfig
	EndProjectSection
EndProject
Project("{FAE04EC0-301F-11D3-BF4B-00C04F79EFBC}") = "EFBikeSalesLib", "EFBikeSales\EFBikeSalesLib\EFBikeSalesLib.csproj", "{CC20537B-F4E1-48C2-BB9C-BB95528D8D0A}"
EndProject
Project("{FAE04EC0-301F-11D3-BF4B-00C04F79EFBC}") = "My.Encryption.Lib", "My.Encryption.Lib\My.Encryption.Lib.csproj", "{3C5A4FDE-275F-49CE-94A4-56F8B35AD93C}"
EndProject
Project("{FAE04EC0-301F-11D3-BF4B-00C04F79EFBC}") = "My.Sales.Lib", "My.Sales.Lib\My.Sales.Lib.csproj", "{59950D8B-501E-4F33-95F0-646AD51CA584}"
EndProject
Project("{FAE04EC0-301F-11D3-BF4B-00C04F79EFBC}") = "WeatherDataUI", "WeatherDataUI\WeatherDataUI.csproj", "{8ACC35F0-08DF-4CB3-B30C-35A1A3050CC7}"
EndProject
Project("{FAE04EC0-301F-11D3-BF4B-00C04F79EFBC}") = "WpfDataEncryption", "WpfDataEncryption\WpfDataEncryption.csproj", "{466DC9FC-2F5E-40EC-BB49-46809D3633EA}"
EndProject
Project("{2150E333-8FDC-42A3-9474-1A3956D46DE8}") = "WebSockets", "WebSockets", "{DB602253-3900-4BB6-BF58-F64052763DBA}"
EndProject
Project("{FAE04EC0-301F-11D3-BF4B-00C04F79EFBC}") = "ConsoleWebSocketServer", "ConsoleWebSocketServer\ConsoleWebSocketServer.csproj", "{6F59B35F-4B50-471F-BF57-79AB24AF1C5A}"
EndProject
Project("{FAE04EC0-301F-11D3-BF4B-00C04F79EFBC}") = "ConsoleWebSocketClient", "ConsoleWebSocketClient\ConsoleWebSocketClient.csproj", "{EC08D4ED-40C1-47C3-BF12-D52974898BDD}"
EndProject
Project("{FAE04EC0-301F-11D3-BF4B-00C04F79EFBC}") = "wpfWebSocketClient", "wpfWebSocketClient\wpfWebSocketClient.csproj", "{AB38CC39-4B8A-498A-B407-A3A8E43742D7}"
EndProject
Project("{FAE04EC0-301F-11D3-BF4B-00C04F79EFBC}") = "ConsoleApp1", "ConsoleApp1\ConsoleApp1.csproj", "{EA9C0BBC-3935-43EC-9505-EDB520AC8F5A}"
EndProject
Global
	GlobalSection(SolutionConfigurationPlatforms) = preSolution
		Debug|Any CPU = Debug|Any CPU
		Release|Any CPU = Release|Any CPU
	EndGlobalSection
	GlobalSection(ProjectConfigurationPlatforms) = postSolution
		{4854E479-A169-4118-9E9F-F42D59F2B49F}.Debug|Any CPU.ActiveCfg = Debug|Any CPU
		{4854E479-A169-4118-9E9F-F42D59F2B49F}.Debug|Any CPU.Build.0 = Debug|Any CPU
		{4854E479-A169-4118-9E9F-F42D59F2B49F}.Release|Any CPU.ActiveCfg = Release|Any CPU
		{4854E479-A169-4118-9E9F-F42D59F2B49F}.Release|Any CPU.Build.0 = Release|Any CPU
		{221C8DE2-4201-4871-90B7-4F9EE8C613F0}.Debug|Any CPU.ActiveCfg = Debug|Any CPU
		{221C8DE2-4201-4871-90B7-4F9EE8C613F0}.Debug|Any CPU.Build.0 = Debug|Any CPU
		{221C8DE2-4201-4871-90B7-4F9EE8C613F0}.Release|Any CPU.ActiveCfg = Release|Any CPU
		{221C8DE2-4201-4871-90B7-4F9EE8C613F0}.Release|Any CPU.Build.0 = Release|Any CPU
		{4F1B88CD-E82F-4590-9DB7-CFC93883A391}.Debug|Any CPU.ActiveCfg = Debug|Any CPU
		{4F1B88CD-E82F-4590-9DB7-CFC93883A391}.Debug|Any CPU.Build.0 = Debug|Any CPU
		{4F1B88CD-E82F-4590-9DB7-CFC93883A391}.Release|Any CPU.ActiveCfg = Release|Any CPU
		{4F1B88CD-E82F-4590-9DB7-CFC93883A391}.Release|Any CPU.Build.0 = Release|Any CPU
		{5F243F89-0ACF-4FAE-8F0F-9BB38FB5223A}.Debug|Any CPU.ActiveCfg = Debug|Any CPU
		{5F243F89-0ACF-4FAE-8F0F-9BB38FB5223A}.Debug|Any CPU.Build.0 = Debug|Any CPU
		{5F243F89-0ACF-4FAE-8F0F-9BB38FB5223A}.Release|Any CPU.ActiveCfg = Release|Any CPU
		{5F243F89-0ACF-4FAE-8F0F-9BB38FB5223A}.Release|Any CPU.Build.0 = Release|Any CPU
		{18A40301-610F-4AE2-9EF1-0ECBE45410DB}.Debug|Any CPU.ActiveCfg = Debug|Any CPU
		{18A40301-610F-4AE2-9EF1-0ECBE45410DB}.Debug|Any CPU.Build.0 = Debug|Any CPU
		{18A40301-610F-4AE2-9EF1-0ECBE45410DB}.Release|Any CPU.ActiveCfg = Release|Any CPU
		{18A40301-610F-4AE2-9EF1-0ECBE45410DB}.Release|Any CPU.Build.0 = Release|Any CPU
		{68F1A5CE-06AF-4AA1-B2F1-4AA9FA5DF52A}.Debug|Any CPU.ActiveCfg = Debug|Any CPU
		{68F1A5CE-06AF-4AA1-B2F1-4AA9FA5DF52A}.Debug|Any CPU.Build.0 = Debug|Any CPU
		{68F1A5CE-06AF-4AA1-B2F1-4AA9FA5DF52A}.Release|Any CPU.ActiveCfg = Release|Any CPU
		{68F1A5CE-06AF-4AA1-B2F1-4AA9FA5DF52A}.Release|Any CPU.Build.0 = Release|Any CPU
		{D7BA6356-8B05-4961-9C90-E1A034A0A1EF}.Debug|Any CPU.ActiveCfg = Debug|Any CPU
		{D7BA6356-8B05-4961-9C90-E1A034A0A1EF}.Debug|Any CPU.Build.0 = Debug|Any CPU
		{D7BA6356-8B05-4961-9C90-E1A034A0A1EF}.Release|Any CPU.ActiveCfg = Release|Any CPU
		{D7BA6356-8B05-4961-9C90-E1A034A0A1EF}.Release|Any CPU.Build.0 = Release|Any CPU
		{DAEDC472-445B-44CF-9479-E79A28BE41C7}.Debug|Any CPU.ActiveCfg = Debug|Any CPU
		{DAEDC472-445B-44CF-9479-E79A28BE41C7}.Debug|Any CPU.Build.0 = Debug|Any CPU
		{DAEDC472-445B-44CF-9479-E79A28BE41C7}.Release|Any CPU.ActiveCfg = Release|Any CPU
		{DAEDC472-445B-44CF-9479-E79A28BE41C7}.Release|Any CPU.Build.0 = Release|Any CPU
		{7F52A587-BAAB-4EEA-9111-7D6775E895A6}.Debug|Any CPU.ActiveCfg = Debug|Any CPU
		{7F52A587-BAAB-4EEA-9111-7D6775E895A6}.Debug|Any CPU.Build.0 = Debug|Any CPU
		{7F52A587-BAAB-4EEA-9111-7D6775E895A6}.Release|Any CPU.ActiveCfg = Release|Any CPU
		{7F52A587-BAAB-4EEA-9111-7D6775E895A6}.Release|Any CPU.Build.0 = Release|Any CPU
		{3413BAA2-32FB-4BD0-A22C-4BABBBBD64A0}.Debug|Any CPU.ActiveCfg = Debug|Any CPU
		{3413BAA2-32FB-4BD0-A22C-4BABBBBD64A0}.Debug|Any CPU.Build.0 = Debug|Any CPU
		{3413BAA2-32FB-4BD0-A22C-4BABBBBD64A0}.Release|Any CPU.ActiveCfg = Release|Any CPU
		{3413BAA2-32FB-4BD0-A22C-4BABBBBD64A0}.Release|Any CPU.Build.0 = Release|Any CPU
		{E4757884-195A-4399-92F1-A9638BDE45DF}.Debug|Any CPU.ActiveCfg = Debug|Any CPU
		{E4757884-195A-4399-92F1-A9638BDE45DF}.Debug|Any CPU.Build.0 = Debug|Any CPU
		{E4757884-195A-4399-92F1-A9638BDE45DF}.Release|Any CPU.ActiveCfg = Release|Any CPU
		{E4757884-195A-4399-92F1-A9638BDE45DF}.Release|Any CPU.Build.0 = Release|Any CPU
		{2669B4B3-5197-41CC-8C1C-7C797547EEBA}.Debug|Any CPU.ActiveCfg = Debug|Any CPU
		{2669B4B3-5197-41CC-8C1C-7C797547EEBA}.Debug|Any CPU.Build.0 = Debug|Any CPU
		{2669B4B3-5197-41CC-8C1C-7C797547EEBA}.Release|Any CPU.ActiveCfg = Release|Any CPU
		{2669B4B3-5197-41CC-8C1C-7C797547EEBA}.Release|Any CPU.Build.0 = Release|Any CPU
		{3FD2255B-D9AF-46B7-A525-C83B7AC2BFAC}.Debug|Any CPU.ActiveCfg = Debug|Any CPU
		{3FD2255B-D9AF-46B7-A525-C83B7AC2BFAC}.Debug|Any CPU.Build.0 = Debug|Any CPU
		{3FD2255B-D9AF-46B7-A525-C83B7AC2BFAC}.Release|Any CPU.ActiveCfg = Release|Any CPU
		{3FD2255B-D9AF-46B7-A525-C83B7AC2BFAC}.Release|Any CPU.Build.0 = Release|Any CPU
		{01777732-8CD5-43FD-9FEE-0200E4D6E56A}.Debug|Any CPU.ActiveCfg = Debug|Any CPU
		{01777732-8CD5-43FD-9FEE-0200E4D6E56A}.Debug|Any CPU.Build.0 = Debug|Any CPU
		{01777732-8CD5-43FD-9FEE-0200E4D6E56A}.Release|Any CPU.ActiveCfg = Release|Any CPU
		{01777732-8CD5-43FD-9FEE-0200E4D6E56A}.Release|Any CPU.Build.0 = Release|Any CPU
		{DC9EC741-E783-48D8-A75D-07D88E9C2AEC}.Debug|Any CPU.ActiveCfg = Debug|Any CPU
		{DC9EC741-E783-48D8-A75D-07D88E9C2AEC}.Debug|Any CPU.Build.0 = Debug|Any CPU
		{DC9EC741-E783-48D8-A75D-07D88E9C2AEC}.Release|Any CPU.ActiveCfg = Release|Any CPU
		{DC9EC741-E783-48D8-A75D-07D88E9C2AEC}.Release|Any CPU.Build.0 = Release|Any CPU
		{3A8309BA-623B-4C29-B650-28038AFA803F}.Debug|Any CPU.ActiveCfg = Debug|Any CPU
		{3A8309BA-623B-4C29-B650-28038AFA803F}.Debug|Any CPU.Build.0 = Debug|Any CPU
		{3A8309BA-623B-4C29-B650-28038AFA803F}.Release|Any CPU.ActiveCfg = Release|Any CPU
		{3A8309BA-623B-4C29-B650-28038AFA803F}.Release|Any CPU.Build.0 = Release|Any CPU
		{E5F0403C-7CC9-458B-9B19-EE857E6E9C0C}.Debug|Any CPU.ActiveCfg = Debug|Any CPU
		{E5F0403C-7CC9-458B-9B19-EE857E6E9C0C}.Debug|Any CPU.Build.0 = Debug|Any CPU
		{E5F0403C-7CC9-458B-9B19-EE857E6E9C0C}.Release|Any CPU.ActiveCfg = Release|Any CPU
		{E5F0403C-7CC9-458B-9B19-EE857E6E9C0C}.Release|Any CPU.Build.0 = Release|Any CPU
		{92F309D7-51DB-4201-94F3-5319B770A535}.Debug|Any CPU.ActiveCfg = Debug|Any CPU
		{92F309D7-51DB-4201-94F3-5319B770A535}.Debug|Any CPU.Build.0 = Debug|Any CPU
		{92F309D7-51DB-4201-94F3-5319B770A535}.Release|Any CPU.ActiveCfg = Release|Any CPU
		{92F309D7-51DB-4201-94F3-5319B770A535}.Release|Any CPU.Build.0 = Release|Any CPU
		{9EDF21A2-4F2D-4A7C-878F-4695037468B4}.Debug|Any CPU.ActiveCfg = Debug|Any CPU
		{9EDF21A2-4F2D-4A7C-878F-4695037468B4}.Debug|Any CPU.Build.0 = Debug|Any CPU
		{9EDF21A2-4F2D-4A7C-878F-4695037468B4}.Release|Any CPU.ActiveCfg = Release|Any CPU
		{9EDF21A2-4F2D-4A7C-878F-4695037468B4}.Release|Any CPU.Build.0 = Release|Any CPU
		{CF240D05-827C-4F2E-9929-67DB92EE47BB}.Debug|Any CPU.ActiveCfg = Debug|Any CPU
		{CF240D05-827C-4F2E-9929-67DB92EE47BB}.Debug|Any CPU.Build.0 = Debug|Any CPU
		{CF240D05-827C-4F2E-9929-67DB92EE47BB}.Release|Any CPU.ActiveCfg = Release|Any CPU
		{CF240D05-827C-4F2E-9929-67DB92EE47BB}.Release|Any CPU.Build.0 = Release|Any CPU
		{504B6268-C762-4834-8D39-4B403A5298C8}.Debug|Any CPU.ActiveCfg = Debug|Any CPU
		{504B6268-C762-4834-8D39-4B403A5298C8}.Debug|Any CPU.Build.0 = Debug|Any CPU
		{504B6268-C762-4834-8D39-4B403A5298C8}.Release|Any CPU.ActiveCfg = Release|Any CPU
		{504B6268-C762-4834-8D39-4B403A5298C8}.Release|Any CPU.Build.0 = Release|Any CPU
		{E18AA9D6-E10C-4CB0-9D71-A995C277373E}.Debug|Any CPU.ActiveCfg = Debug|Any CPU
		{E18AA9D6-E10C-4CB0-9D71-A995C277373E}.Debug|Any CPU.Build.0 = Debug|Any CPU
		{E18AA9D6-E10C-4CB0-9D71-A995C277373E}.Release|Any CPU.ActiveCfg = Release|Any CPU
		{E18AA9D6-E10C-4CB0-9D71-A995C277373E}.Release|Any CPU.Build.0 = Release|Any CPU
		{CC20537B-F4E1-48C2-BB9C-BB95528D8D0A}.Debug|Any CPU.ActiveCfg = Debug|Any CPU
		{CC20537B-F4E1-48C2-BB9C-BB95528D8D0A}.Debug|Any CPU.Build.0 = Debug|Any CPU
		{CC20537B-F4E1-48C2-BB9C-BB95528D8D0A}.Release|Any CPU.ActiveCfg = Release|Any CPU
		{CC20537B-F4E1-48C2-BB9C-BB95528D8D0A}.Release|Any CPU.Build.0 = Release|Any CPU
		{3C5A4FDE-275F-49CE-94A4-56F8B35AD93C}.Debug|Any CPU.ActiveCfg = Debug|Any CPU
		{3C5A4FDE-275F-49CE-94A4-56F8B35AD93C}.Debug|Any CPU.Build.0 = Debug|Any CPU
		{3C5A4FDE-275F-49CE-94A4-56F8B35AD93C}.Release|Any CPU.ActiveCfg = Release|Any CPU
		{3C5A4FDE-275F-49CE-94A4-56F8B35AD93C}.Release|Any CPU.Build.0 = Release|Any CPU
		{59950D8B-501E-4F33-95F0-646AD51CA584}.Debug|Any CPU.ActiveCfg = Debug|Any CPU
		{59950D8B-501E-4F33-95F0-646AD51CA584}.Debug|Any CPU.Build.0 = Debug|Any CPU
		{59950D8B-501E-4F33-95F0-646AD51CA584}.Release|Any CPU.ActiveCfg = Release|Any CPU
		{59950D8B-501E-4F33-95F0-646AD51CA584}.Release|Any CPU.Build.0 = Release|Any CPU
		{8ACC35F0-08DF-4CB3-B30C-35A1A3050CC7}.Debug|Any CPU.ActiveCfg = Debug|Any CPU
		{8ACC35F0-08DF-4CB3-B30C-35A1A3050CC7}.Debug|Any CPU.Build.0 = Debug|Any CPU
		{8ACC35F0-08DF-4CB3-B30C-35A1A3050CC7}.Release|Any CPU.ActiveCfg = Release|Any CPU
		{8ACC35F0-08DF-4CB3-B30C-35A1A3050CC7}.Release|Any CPU.Build.0 = Release|Any CPU
		{466DC9FC-2F5E-40EC-BB49-46809D3633EA}.Debug|Any CPU.ActiveCfg = Debug|Any CPU
		{466DC9FC-2F5E-40EC-BB49-46809D3633EA}.Debug|Any CPU.Build.0 = Debug|Any CPU
		{466DC9FC-2F5E-40EC-BB49-46809D3633EA}.Release|Any CPU.ActiveCfg = Release|Any CPU
		{466DC9FC-2F5E-40EC-BB49-46809D3633EA}.Release|Any CPU.Build.0 = Release|Any CPU
		{6F59B35F-4B50-471F-BF57-79AB24AF1C5A}.Debug|Any CPU.ActiveCfg = Debug|Any CPU
		{6F59B35F-4B50-471F-BF57-79AB24AF1C5A}.Debug|Any CPU.Build.0 = Debug|Any CPU
		{6F59B35F-4B50-471F-BF57-79AB24AF1C5A}.Release|Any CPU.ActiveCfg = Release|Any CPU
		{6F59B35F-4B50-471F-BF57-79AB24AF1C5A}.Release|Any CPU.Build.0 = Release|Any CPU
		{EC08D4ED-40C1-47C3-BF12-D52974898BDD}.Debug|Any CPU.ActiveCfg = Debug|Any CPU
		{EC08D4ED-40C1-47C3-BF12-D52974898BDD}.Debug|Any CPU.Build.0 = Debug|Any CPU
		{EC08D4ED-40C1-47C3-BF12-D52974898BDD}.Release|Any CPU.ActiveCfg = Release|Any CPU
		{EC08D4ED-40C1-47C3-BF12-D52974898BDD}.Release|Any CPU.Build.0 = Release|Any CPU
		{AB38CC39-4B8A-498A-B407-A3A8E43742D7}.Debug|Any CPU.ActiveCfg = Debug|Any CPU
		{AB38CC39-4B8A-498A-B407-A3A8E43742D7}.Debug|Any CPU.Build.0 = Debug|Any CPU
		{AB38CC39-4B8A-498A-B407-A3A8E43742D7}.Release|Any CPU.ActiveCfg = Release|Any CPU
		{AB38CC39-4B8A-498A-B407-A3A8E43742D7}.Release|Any CPU.Build.0 = Release|Any CPU
		{EA9C0BBC-3935-43EC-9505-EDB520AC8F5A}.Debug|Any CPU.ActiveCfg = Debug|Any CPU
		{EA9C0BBC-3935-43EC-9505-EDB520AC8F5A}.Debug|Any CPU.Build.0 = Debug|Any CPU
		{EA9C0BBC-3935-43EC-9505-EDB520AC8F5A}.Release|Any CPU.ActiveCfg = Release|Any CPU
		{EA9C0BBC-3935-43EC-9505-EDB520AC8F5A}.Release|Any CPU.Build.0 = Release|Any CPU
	EndGlobalSection
	GlobalSection(SolutionProperties) = preSolution
		HideSolutionNode = FALSE
	EndGlobalSection
	GlobalSection(NestedProjects) = preSolution
		{4F1B88CD-E82F-4590-9DB7-CFC93883A391} = {74BAABB2-17EF-4290-9C89-470C4E178746}
		{DAEDC472-445B-44CF-9479-E79A28BE41C7} = {74BAABB2-17EF-4290-9C89-470C4E178746}
		{7F52A587-BAAB-4EEA-9111-7D6775E895A6} = {74BAABB2-17EF-4290-9C89-470C4E178746}
		{3413BAA2-32FB-4BD0-A22C-4BABBBBD64A0} = {AAB13DF5-9F7D-43DF-AD6F-090478806391}
		{2669B4B3-5197-41CC-8C1C-7C797547EEBA} = {AAB13DF5-9F7D-43DF-AD6F-090478806391}
		{3FD2255B-D9AF-46B7-A525-C83B7AC2BFAC} = {AB190EE2-3633-41C1-91F3-84F077B4B56F}
		{01777732-8CD5-43FD-9FEE-0200E4D6E56A} = {AB190EE2-3633-41C1-91F3-84F077B4B56F}
		{DC9EC741-E783-48D8-A75D-07D88E9C2AEC} = {2691E25A-E1D3-4191-BD4F-AB8283EDE339}
		{3A8309BA-623B-4C29-B650-28038AFA803F} = {74BAABB2-17EF-4290-9C89-470C4E178746}
		{E5F0403C-7CC9-458B-9B19-EE857E6E9C0C} = {2691E25A-E1D3-4191-BD4F-AB8283EDE339}
		{92F309D7-51DB-4201-94F3-5319B770A535} = {2691E25A-E1D3-4191-BD4F-AB8283EDE339}
		{504B6268-C762-4834-8D39-4B403A5298C8} = {2691E25A-E1D3-4191-BD4F-AB8283EDE339}
		{E18AA9D6-E10C-4CB0-9D71-A995C277373E} = {2691E25A-E1D3-4191-BD4F-AB8283EDE339}
		{CC20537B-F4E1-48C2-BB9C-BB95528D8D0A} = {2691E25A-E1D3-4191-BD4F-AB8283EDE339}
		{3C5A4FDE-275F-49CE-94A4-56F8B35AD93C} = {2691E25A-E1D3-4191-BD4F-AB8283EDE339}
		{59950D8B-501E-4F33-95F0-646AD51CA584} = {2691E25A-E1D3-4191-BD4F-AB8283EDE339}
		{8ACC35F0-08DF-4CB3-B30C-35A1A3050CC7} = {2691E25A-E1D3-4191-BD4F-AB8283EDE339}
		{6F59B35F-4B50-471F-BF57-79AB24AF1C5A} = {DB602253-3900-4BB6-BF58-F64052763DBA}
		{EC08D4ED-40C1-47C3-BF12-D52974898BDD} = {DB602253-3900-4BB6-BF58-F64052763DBA}
		{AB38CC39-4B8A-498A-B407-A3A8E43742D7} = {DB602253-3900-4BB6-BF58-F64052763DBA}
	EndGlobalSection
	GlobalSection(ExtensibilityGlobals) = postSolution
		SolutionGuid = {7B02F975-BCFF-4C25-8D93-D5AD52D98649}
	EndGlobalSection
EndGlobal
